
Microsoft Visual Studio Solution File, Format Version 12.00
# Visual Studio Version 17
VisualStudioVersion = 17.0.31903.59
MinimumVisualStudioVersion = 10.0.40219.1
Project("{2150E333-8FDC-42A3-9474-1A3956D46DE8}") = "src", "src", "{BB5CA515-036A-4105-B832-C559F68676FE}"
EndProject
Project("{9A19103F-16F7-4668-BE54-9A1E7A4F7556}") = "Product.API", "src\Products\Product.API\Product.API.csproj", "{27CAE096-31C2-40B1-A196-631C49EEF8C0}"
EndProject
Project("{2150E333-8FDC-42A3-9474-1A3956D46DE8}") = "Products", "Products", "{16882D1E-2333-4DC0-AEE8-FC8886FC0396}"
EndProject
Project("{2150E333-8FDC-42A3-9474-1A3956D46DE8}") = "Blogs", "Blogs", "{0787D371-853B-4F65-9CB1-A21CC5F3F181}"
EndProject
Project("{9A19103F-16F7-4668-BE54-9A1E7A4F7556}") = "Blog.API", "src\Blogs\Blog.API\Blog.API.csproj", "{9730A6EB-10F3-4F96-9984-DDF19ECB6E21}"
EndProject
Project("{9A19103F-16F7-4668-BE54-9A1E7A4F7556}") = "Student.UI", "src\Students\Student.UI\Student.UI.csproj", "{6F67558E-53AF-4554-B84F-850D5E8CAA7D}"
EndProject
Project("{2150E333-8FDC-42A3-9474-1A3956D46DE8}") = "Students", "Students", "{2D598E98-5589-4013-851F-A1EFA84FC03A}"
EndProject
Project("{2150E333-8FDC-42A3-9474-1A3956D46DE8}") = "Comanies", "Comanies", "{114103C7-75FC-4FC8-8DB9-D0F56158E2E3}"
EndProject
Project("{9A19103F-16F7-4668-BE54-9A1E7A4F7556}") = "WebApplication1", "src\Companys\WebApplication1\WebApplication1.csproj", "{E33E748B-227B-46BB-BF19-4412DE3EBABE}"
EndProject
Project("{2150E333-8FDC-42A3-9474-1A3956D46DE8}") = "Gateway", "Gateway", "{4C085820-BF17-4228-9826-AE0AEB30B763}"
EndProject
Project("{9A19103F-16F7-4668-BE54-9A1E7A4F7556}") = "APIgateway", "src\gate\APIgateway\APIgateway.csproj", "{2B2442FD-313A-4C6F-806C-483FE4F7DB76}"
EndProject
Project("{E53339B2-1760-4266-BCC7-CA923CBCF16C}") = "docker-compose", "docker-compose.dcproj", "{249412B9-3282-4496-BB49-2B2E3E4BF7ED}"
EndProject
Global
	GlobalSection(SolutionConfigurationPlatforms) = preSolution
		Debug|Any CPU = Debug|Any CPU
		Release|Any CPU = Release|Any CPU
	EndGlobalSection
	GlobalSection(ProjectConfigurationPlatforms) = postSolution
		{27CAE096-31C2-40B1-A196-631C49EEF8C0}.Debug|Any CPU.ActiveCfg = Debug|Any CPU
		{27CAE096-31C2-40B1-A196-631C49EEF8C0}.Debug|Any CPU.Build.0 = Debug|Any CPU
		{27CAE096-31C2-40B1-A196-631C49EEF8C0}.Release|Any CPU.ActiveCfg = Release|Any CPU
		{27CAE096-31C2-40B1-A196-631C49EEF8C0}.Release|Any CPU.Build.0 = Release|Any CPU
		{9730A6EB-10F3-4F96-9984-DDF19ECB6E21}.Debug|Any CPU.ActiveCfg = Debug|Any CPU
		{9730A6EB-10F3-4F96-9984-DDF19ECB6E21}.Debug|Any CPU.Build.0 = Debug|Any CPU
		{9730A6EB-10F3-4F96-9984-DDF19ECB6E21}.Release|Any CPU.ActiveCfg = Release|Any CPU
		{9730A6EB-10F3-4F96-9984-DDF19ECB6E21}.Release|Any CPU.Build.0 = Release|Any CPU
		{6F67558E-53AF-4554-B84F-850D5E8CAA7D}.Debug|Any CPU.ActiveCfg = Debug|Any CPU
		{6F67558E-53AF-4554-B84F-850D5E8CAA7D}.Debug|Any CPU.Build.0 = Debug|Any CPU
		{6F67558E-53AF-4554-B84F-850D5E8CAA7D}.Release|Any CPU.ActiveCfg = Release|Any CPU
		{6F67558E-53AF-4554-B84F-850D5E8CAA7D}.Release|Any CPU.Build.0 = Release|Any CPU
		{E33E748B-227B-46BB-BF19-4412DE3EBABE}.Debug|Any CPU.ActiveCfg = Debug|Any CPU
		{E33E748B-227B-46BB-BF19-4412DE3EBABE}.Debug|Any CPU.Build.0 = Debug|Any CPU
		{E33E748B-227B-46BB-BF19-4412DE3EBABE}.Release|Any CPU.ActiveCfg = Release|Any CPU
		{E33E748B-227B-46BB-BF19-4412DE3EBABE}.Release|Any CPU.Build.0 = Release|Any CPU
		{2B2442FD-313A-4C6F-806C-483FE4F7DB76}.Debug|Any CPU.ActiveCfg = Debug|Any CPU
		{2B2442FD-313A-4C6F-806C-483FE4F7DB76}.Debug|Any CPU.Build.0 = Debug|Any CPU
		{2B2442FD-313A-4C6F-806C-483FE4F7DB76}.Release|Any CPU.ActiveCfg = Release|Any CPU
		{2B2442FD-313A-4C6F-806C-483FE4F7DB76}.Release|Any CPU.Build.0 = Release|Any CPU
		{249412B9-3282-4496-BB49-2B2E3E4BF7ED}.Debug|Any CPU.ActiveCfg = Debug|Any CPU
		{249412B9-3282-4496-BB49-2B2E3E4BF7ED}.Debug|Any CPU.Build.0 = Debug|Any CPU
		{249412B9-3282-4496-BB49-2B2E3E4BF7ED}.Release|Any CPU.ActiveCfg = Release|Any CPU
		{249412B9-3282-4496-BB49-2B2E3E4BF7ED}.Release|Any CPU.Build.0 = Release|Any CPU
	EndGlobalSection
	GlobalSection(SolutionProperties) = preSolution
		HideSolutionNode = FALSE
	EndGlobalSection
	GlobalSection(NestedProjects) = preSolution
		{27CAE096-31C2-40B1-A196-631C49EEF8C0} = {16882D1E-2333-4DC0-AEE8-FC8886FC0396}
		{16882D1E-2333-4DC0-AEE8-FC8886FC0396} = {BB5CA515-036A-4105-B832-C559F68676FE}
		{0787D371-853B-4F65-9CB1-A21CC5F3F181} = {BB5CA515-036A-4105-B832-C559F68676FE}
		{9730A6EB-10F3-4F96-9984-DDF19ECB6E21} = {0787D371-853B-4F65-9CB1-A21CC5F3F181}
		{6F67558E-53AF-4554-B84F-850D5E8CAA7D} = {2D598E98-5589-4013-851F-A1EFA84FC03A}
		{2D598E98-5589-4013-851F-A1EFA84FC03A} = {BB5CA515-036A-4105-B832-C559F68676FE}
		{114103C7-75FC-4FC8-8DB9-D0F56158E2E3} = {BB5CA515-036A-4105-B832-C559F68676FE}
		{E33E748B-227B-46BB-BF19-4412DE3EBABE} = {114103C7-75FC-4FC8-8DB9-D0F56158E2E3}
		{4C085820-BF17-4228-9826-AE0AEB30B763} = {BB5CA515-036A-4105-B832-C559F68676FE}
		{2B2442FD-313A-4C6F-806C-483FE4F7DB76} = {4C085820-BF17-4228-9826-AE0AEB30B763}
	EndGlobalSection
	GlobalSection(ExtensibilityGlobals) = postSolution
		SolutionGuid = {F659EB81-E499-48FF-800F-5B4D40FF18BB}
	EndGlobalSection
EndGlobal
